# This file is autogenerated, do not edit; changes may be undone by the next 'dep ensure'.


[[projects]]
  digest = "1:9f3b30d9f8e0d7040f729b82dcbc8f0dead820a133b3147ce355fc451f32d761"
  name = "github.com/BurntSushi/toml"
  packages = ["."]
  pruneopts = "UT"
  revision = "3012a1dbe2e4bd1391d42b32f0577cb7bbc7f005"
  version = "v0.3.1"

[[projects]]
  digest = "1:d5e752c67b445baa5b6cb6f8aa706775c2aa8e41aca95a0c651520ff2c80361a"
  name = "github.com/Microsoft/go-winio"
  packages = [
    ".",
    "pkg/guid",
  ]
  pruneopts = "UT"
  revision = "6c72808b55902eae4c5943626030429ff20f3b63"
  version = "v0.4.14"

[[projects]]
  digest = "1:e92f5581902c345eb4ceffdcd4a854fb8f73cf436d47d837d1ec98ef1fe0a214"
  name = "github.com/StackExchange/wmi"
  packages = ["."]
  pruneopts = "UT"
  revision = "5d049714c4a64225c3c79a7cf7d02f7fb5b96338"
  version = "1.0.0"

[[projects]]
  digest = "1:0f98f59e9a2f4070d66f0c9c39561f68fcd1dc837b22a852d28d0003aebd1b1e"
  name = "github.com/boltdb/bolt"
  packages = ["."]
  pruneopts = "UT"
  revision = "2f1ce7a837dcb8da3ec595b1dac9d0632f0f99e8"
  version = "v1.3.1"

[[projects]]
  digest = "1:61406f6571eeb97717bdfaac37fa0bc5260621c4cbf3ce7635e9828dcbb5258a"
  name = "github.com/cespare/xxhash"
  packages = ["."]
  pruneopts = "UT"
  revision = "d7df74196a9e781ede915320c11c378c1b2f3a1f"
  version = "v2.1.1"

[[projects]]
  digest = "1:eb0414b9f841f10af66f6bec6074c5a26ebca71f374c12f187feca7554bad408"
  name = "github.com/containerd/containerd"
  packages = ["errdefs"]
  pruneopts = "UT"
  revision = "85f6aa58b8a3170aec9824568f7a31832878b603"
  version = "v1.2.7"

[[projects]]
  digest = "1:9e1e588197b6c6e60f52a3e0055045a4c62bd0201a945b355d8e7a7c22e8cd9f"
  name = "github.com/dgraph-io/ristretto"
  packages = [
    ".",
    "z",
  ]
  pruneopts = "UT"
  revision = "99d1bbbf28e64530eb246be0568fc7709a35ebdd"
  version = "v0.0.1"

[[projects]]
  branch = "master"
  digest = "1:7259cb5fe1b1e42f1a0e7c864d947759b03ac4bf6afac32ef81cfaa30dd07166"
  name = "github.com/docker/distribution"
  packages = [
    "digestset",
    "reference",
    "registry/api/errcode",
  ]
  pruneopts = "UT"
  revision = "1fb7fffdb26687adf375a4433a58a0d66a13fede"

[[projects]]
  branch = "master"
  digest = "1:c7c67b731ddcd158a114e08d126afd467a4e45cd84b5e7fb11ae26f60043f417"
  name = "github.com/docker/docker"
  packages = [
    "api",
    "api/types",
    "api/types/blkiodev",
    "api/types/container",
    "api/types/events",
    "api/types/filters",
    "api/types/image",
    "api/types/mount",
    "api/types/network",
    "api/types/registry",
    "api/types/strslice",
    "api/types/swarm",
    "api/types/swarm/runtime",
    "api/types/time",
    "api/types/versions",
    "api/types/volume",
    "client",
    "errdefs",
  ]
  pruneopts = "UT"
  revision = "f18ad28874fe4bdc5dc61db366bb818797153909"

[[projects]]
  digest = "1:811c86996b1ca46729bad2724d4499014c4b9effd05ef8c71b852aad90deb0ce"
  name = "github.com/docker/go-connections"
  packages = [
    "nat",
    "sockets",
    "tlsconfig",
  ]
  pruneopts = "UT"
  revision = "7395e3f8aa162843a74ed6d48e79627d9792ac55"
  version = "v0.4.0"

[[projects]]
  digest = "1:e95ef557dc3120984bb66b385ae01b4bb8ff56bcde28e7b0d1beed0cccc4d69f"
  name = "github.com/docker/go-units"
  packages = ["."]
  pruneopts = "UT"
  revision = "519db1ee28dcc9fd2474ae59fca29a810482bfb1"
  version = "v0.4.0"

[[projects]]
  digest = "1:440028f55cb322d8cb5b9d5ebec298a00b7d74690a658fe6b1c0c0b44341bfae"
  name = "github.com/go-ole/go-ole"
  packages = [
    ".",
    "oleutil",
  ]
  pruneopts = "UT"
  revision = "97b6244175ae18ea6eef668034fd6565847501c9"
  version = "v1.2.4"

[[projects]]
  digest = "1:48092bf6632f55839850666c33469f546f6d45fdbd59a66759ec12e84d853dc2"
  name = "github.com/gogo/protobuf"
  packages = ["proto"]
  pruneopts = "UT"
  revision = "ba06b47c162d49f2af050fb4c75bcbc86a159d5c"
  version = "v1.2.1"

[[projects]]
  digest = "1:c9cffc5a4ef5aa7271985801928f30f19b4d87ce98fea5fee278821ce07a2a4c"
  name = "github.com/golang/protobuf"
  packages = [
    "proto",
    "protoc-gen-go/descriptor",
    "ptypes",
    "ptypes/any",
    "ptypes/duration",
    "ptypes/empty",
    "ptypes/struct",
    "ptypes/timestamp",
  ]
  pruneopts = "UT"
  revision = "6c65a5562fc06764971b7c5d05c76c75e84bdbf7"
  version = "v1.3.2"

[[projects]]
  digest = "1:582b704bebaa06b48c29b0cec224a6058a09c86883aaddabde889cd1a5f73e1b"
  name = "github.com/google/uuid"
  packages = ["."]
  pruneopts = "UT"
  revision = "0cd6bf5da1e1c83f8b45653022c74f71af0538a4"
  version = "v1.1.1"

[[projects]]
  digest = "1:7b5c6e2eeaa9ae5907c391a91c132abfd5c9e8a784a341b5625e750c67e6825d"
  name = "github.com/gorilla/websocket"
  packages = ["."]
  pruneopts = "UT"
  revision = "66b9c49e59c6c48f0ffce28c2d8b8a5678502c6d"
  version = "v1.4.0"

[[projects]]
  digest = "1:75cebddcac0eeadefff0e09f0fa12e2169d1db4732d66653a30ad1660cf97222"
  name = "github.com/grpc-ecosystem/grpc-gateway"
  packages = ["protoc-gen-swagger/options"]
  pruneopts = "UT"
  revision = "f7120437bb4f6c71f7f5076ad65a45310de2c009"
  version = "v1.12.1"

[[projects]]
  digest = "1:f78ea16984dfebdb301aee2ce9e3b105b0bb2cc28a056583dd6ded3c6afd9baa"
  name = "github.com/herumi/bls-eth-go-binary"
  packages = ["bls"]
  pruneopts = "UT"
  revision = "bc166a7abc245c8cc8cbbbfbf195956cabc0ff88"
  version = "v0.1"

[[projects]]
  digest = "1:31e761d97c76151dde79e9d28964a812c46efc5baee4085b86f68f0c654450de"
  name = "github.com/konsorten/go-windows-terminal-sequences"
  packages = ["."]
  pruneopts = "UT"
  revision = "f55edac94c9bbba5d6182a4be46d86a2c9b5b50e"
  version = "v1.0.2"

[[projects]]
  digest = "1:9027cf919c7a9a0577048c325829ad57c2f8b35b8be2dcf290a163b5a6be5a7f"
  name = "github.com/minio/highwayhash"
  packages = ["."]
  pruneopts = "UT"
  revision = "02ca4b43caa3297fbb615700d8800acc7933be98"
  version = "v1.0.0"

[[projects]]
  digest = "1:d69117243f58a0d320c2889872d8c14d323d865277dc49fc85bfcf48b2846b8f"
  name = "github.com/minio/sha256-simd"
  packages = ["."]
  pruneopts = "UT"
  revision = "05b4dd3047e5d6e86cb4e0477164b850cd896261"
  version = "v0.1.0"

[[projects]]
  digest = "1:ee4d4af67d93cc7644157882329023ce9a7bcfce956a079069a9405521c7cc8d"
  name = "github.com/opencontainers/go-digest"
  packages = ["."]
  pruneopts = "UT"
  revision = "279bed98673dd5bef374d3b6e4b09e2af76183bf"
  version = "v1.0.0-rc1"

[[projects]]
  digest = "1:11db38d694c130c800d0aefb502fb02519e514dc53d9804ce51d1ad25ec27db6"
  name = "github.com/opencontainers/image-spec"
  packages = [
    "specs-go",
    "specs-go/v1",
  ]
  pruneopts = "UT"
  revision = "d60099175f88c47cd379c4738d158884749ed235"
  version = "v1.0.1"

[[projects]]
  digest = "1:e5d0bd87abc2781d14e274807a470acd180f0499f8bf5bb18606e9ec22ad9de9"
  name = "github.com/pborman/uuid"
  packages = ["."]
  pruneopts = "UT"
  revision = "adf5a7427709b9deb95d29d3fa8a2bf9cfd388f1"
  version = "v1.2"

[[projects]]
  digest = "1:cf31692c14422fa27c83a05292eb5cbe0fb2775972e8f1f8446a71549bd8980b"
  name = "github.com/pkg/errors"
  packages = ["."]
  pruneopts = "UT"
  revision = "ba968bfe8b2f7e042a574c888954fccecfa385b4"
  version = "v0.8.1"

[[projects]]
  digest = "1:98901e552ffa6f8e200e3eac531e022c2fcc8e061b12d377e8d8b1b04229a7bb"
  name = "github.com/protolambda/zssz"
  packages = [
    "htr",
    "merkle",
  ]
  pruneopts = "UT"
  revision = "632f11e5e281660402bd0ac58f76090f3503def0"
  version = "v0.1.0"

[[projects]]
  branch = "master"
  digest = "1:d38eace5697aa059a1b787484fca7bf5d075b4092184e24320f9b17a8c452cca"
  name = "github.com/prysmaticlabs/ethereumapis"
  packages = ["eth/v1alpha1"]
  pruneopts = "UT"
  revision = "47cde13fd25e8d3ec2d7c94c495bc79f85ff9f59"

[[projects]]
  branch = "master"
  digest = "1:d2afd6743032576338b6e6b93e6469a1fed8d39559b2fd180e337c87b21b16dc"
  name = "github.com/prysmaticlabs/go-bitfield"
  packages = ["."]
  pruneopts = "UT"
  revision = "380ad317a43572aa522306ddbd278134eef20e98"

[[projects]]
  branch = "master"
  digest = "1:e9e37e5d801d0e22723d679abcfcc5ba2edd6e05bb9f1c6741a88b552879ec36"
  name = "github.com/prysmaticlabs/go-ssz"
  packages = [
    ".",
    "types",
  ]
  pruneopts = "UT"
  revision = "e24db4d9e9637cf88ee9e4a779e339a1686a84ee"

[[projects]]
  digest = "1:9e7403978086f7c0d8fe047300ad510c87221b62eadec3c259380b3007b3d403"
  name = "github.com/prysmaticlabs/prysm"
  packages = [
    "shared/bls",
    "shared/bytesutil",
    "shared/featureconfig",
    "shared/hashutil",
    "shared/keystore",
    "shared/params",
  ]
  pruneopts = "UT"
  revision = "ed7ad4525e3da5310507e2beeadf7aa24af571c5"
  version = "v0.3.4"

[[projects]]
  branch = "master"
  digest = "1:b6725afc175d545185ad9ffaf23aa50bf104b2731e373687e606c9dd0d2d26db"
  name = "github.com/rapidloop/skv"
  packages = ["."]
  pruneopts = "UT"
  revision = "9def2caac4cc4fff72ea6f575e4dd103800e5bec"

[[projects]]
  digest = "1:d841f4b7f6239aa4bec815af65ae8b28efb8cb2f5fd0726e3679e0771f4f8c6b"
  name = "github.com/shirou/gopsutil"
  packages = [
    "cpu",
    "internal/common",
    "load",
  ]
  pruneopts = "UT"
  revision = "d80c43f9c984a48783daf22f4bd9278006ae483a"
  version = "v2.19.7"

[[projects]]
  digest = "1:04457f9f6f3ffc5fea48e71d62f2ca256637dee0a04d710288e27e05c8b41976"
  name = "github.com/sirupsen/logrus"
  packages = ["."]
  pruneopts = "UT"
  revision = "839c75faf7f98a33d445d181f3018b5c3409a45e"
  version = "v1.4.2"

[[projects]]
  digest = "1:1b41fa4d5e338041c67b12b24afeeafc84e819f5387bbc31ed059db88e74f4aa"
  name = "github.com/urfave/cli"
  packages = [
    ".",
    "altsrc",
  ]
  pruneopts = "UT"
  revision = "e6cf83ec39f6e1158ced1927d4ed14578fda8edb"
  version = "v1.21.0"

[[projects]]
  branch = "master"
  digest = "1:e6376be4bdbe1732e9a023c6d5197024c5c04114e4d06a31d4cd5fe1b93af218"
  name = "golang.org/x/crypto"
  packages = [
    "pbkdf2",
    "scrypt",
    "sha3",
  ]
  pruneopts = "UT"
  revision = "4def268fd1a49955bfb3dda92fe3db4f924f2285"

[[projects]]
  branch = "master"
  digest = "1:a87086ff03a596e3d117a557e5ae04193bd99f10cbd8456bad997f81181098b4"
  name = "golang.org/x/net"
  packages = [
    "http/httpguts",
    "http2",
    "http2/hpack",
    "idna",
    "internal/socks",
    "internal/timeseries",
    "proxy",
    "trace",
  ]
  pruneopts = "UT"
  revision = "74dc4d7220e7acc4e100824340f3e66577424772"

[[projects]]
  branch = "master"
  digest = "1:6c97b4baa9cf774b42192e23632afc7dee7b899d4a3dc98057d24708ce1f60ac"
  name = "golang.org/x/sys"
  packages = [
    "cpu",
    "unix",
    "windows",
  ]
  pruneopts = "UT"
  revision = "fde4db37ae7ad8191b03d30d27f258b5291ae4e3"

[[projects]]
  digest = "1:8d8faad6b12a3a4c819a3f9618cb6ee1fa1cfc33253abeeea8b55336721e3405"
  name = "golang.org/x/text"
  packages = [
    "collate",
    "collate/build",
    "internal/colltab",
    "internal/gen",
    "internal/language",
    "internal/language/compact",
    "internal/tag",
    "internal/triegen",
    "internal/ucd",
    "language",
    "secure/bidirule",
    "transform",
    "unicode/bidi",
    "unicode/cldr",
    "unicode/norm",
    "unicode/rangetable",
  ]
  pruneopts = "UT"
  revision = "342b2e1fbaa52c93f31447ad2c6abc048c63e475"
  version = "v0.3.2"

[[projects]]
  branch = "master"
  digest = "1:21a386effcf814b07fda8b1f53b96a5b355f556b495e0aeeafe9c29a390137a8"
  name = "google.golang.org/genproto"
  packages = [
    "googleapis/api/annotations",
    "googleapis/rpc/status",
  ]
  pruneopts = "UT"
  revision = "fa694d86fc64c7654a660f8908de4e879866748d"

[[projects]]
  digest = "1:3b97661db2e5d4c87f7345e875ea28f911e54c715ba0a74be08e1649d67e05cd"
  name = "google.golang.org/grpc"
  packages = [
    ".",
    "balancer",
    "balancer/base",
    "balancer/roundrobin",
    "binarylog/grpc_binarylog_v1",
    "codes",
    "connectivity",
    "credentials",
    "credentials/internal",
    "encoding",
    "encoding/proto",
    "grpclog",
    "internal",
    "internal/backoff",
    "internal/balancerload",
    "internal/binarylog",
    "internal/channelz",
    "internal/envconfig",
    "internal/grpcrand",
    "internal/grpcsync",
    "internal/syscall",
    "internal/transport",
    "keepalive",
    "metadata",
    "naming",
    "peer",
    "resolver",
    "resolver/dns",
    "resolver/passthrough",
    "serviceconfig",
    "stats",
    "status",
    "tap",
  ]
  pruneopts = "UT"
  revision = "6eaf6f47437a6b4e2153a190160ef39a92c7eceb"
  version = "v1.23.0"

[[projects]]
  digest = "1:4d2e5a73dc1500038e504a8d78b986630e3626dc027bc030ba5c75da257cdb96"
  name = "gopkg.in/yaml.v2"
  packages = ["."]
  pruneopts = "UT"
  revision = "51d6538a90f86fe93ac480b35f37b2be17fef232"
  version = "v2.2.2"

[solve-meta]
  analyzer-name = "dep"
  analyzer-version = 1
  input-imports = [
    "github.com/docker/docker/api/types",
    "github.com/docker/docker/api/types/container",
    "github.com/docker/docker/client",
    "github.com/gorilla/websocket",
    "github.com/prysmaticlabs/go-ssz",
    "github.com/prysmaticlabs/prysm/shared/bls",
    "github.com/prysmaticlabs/prysm/shared/bytesutil",
    "github.com/prysmaticlabs/prysm/shared/keystore",
    "github.com/rapidloop/skv",
    "github.com/shirou/gopsutil/cpu",
    "github.com/shirou/gopsutil/load",
    "github.com/urfave/cli",
    "github.com/urfave/cli/altsrc",
    "golang.org/x/crypto/sha3",
  ]
  solver-name = "gps-cdcl"
  solver-version = 1
